
Microsoft Visual Studio Solution File, Format Version 12.00
# Visual Studio 15
VisualStudioVersion = 15.0.27130.2026
MinimumVisualStudioVersion = 10.0.40219.1
Project("{9A19103F-16F7-4668-BE54-9A1E7A4F7556}") = "HelloWorld", "HelloWorld.csproj", "{ADBEAA7C-617E-48DA-A83D-882A90F8294D}"
EndProject
Global
	GlobalSection(SolutionConfigurationPlatforms) = preSolution
		Debug|Any CPU = Debug|Any CPU
		Release|Any CPU = Release|Any CPU
	EndGlobalSection
	GlobalSection(ProjectConfigurationPlatforms) = postSolution
		{ADBEAA7C-617E-48DA-A83D-882A90F8294D}.Debug|Any CPU.ActiveCfg = Debug|Any CPU
		{ADBEAA7C-617E-48DA-A83D-882A90F8294D}.Debug|Any CPU.Build.0 = Debug|Any CPU
		{ADBEAA7C-617E-48DA-A83D-882A90F8294D}.Release|Any CPU.ActiveCfg = Release|Any CPU
		{ADBEAA7C-617E-48DA-A83D-882A90F8294D}.Release|Any CPU.Build.0 = Release|Any CPU
	EndGlobalSection
	GlobalSection(SolutionProperties) = preSolution
		HideSolutionNode = FALSE
	EndGlobalSection
	GlobalSection(ExtensibilityGlobals) = postSolution
		SolutionGuid = {C9BFD701-3B87-455A-A64F-58D3F394DD36}
	EndGlobalSection
EndGlobal
